
Microsoft Visual Studio Solution File, Format Version 12.00
# Visual Studio Version 16
VisualStudioVersion = 16.0.34031.81
MinimumVisualStudioVersion = 10.0.40219.1
Project("{2150E333-8FDC-42A3-9474-1A3956D46DE8}") = "Task0", "Task0", "{185E4324-137D-4554-A1C9-19D3386CFDD7}"
EndProject
Project("{FAE04EC0-301F-11D3-BF4B-00C04F79EFBC}") = "Tyuiu.SorokinMA.Sprint5.Task0.V26", "Tyuiu.SorokinMA.Sprint5.Task0.V26\Tyuiu.SorokinMA.Sprint5.Task0.V26.csproj", "{1BD95E6F-2A8E-4F39-9FFD-3E0E0E181E29}"
EndProject
Project("{FAE04EC0-301F-11D3-BF4B-00C04F79EFBC}") = "Tyuiu.SorokinMA.Sprint5.Task0.V26.Test", "Tyuiu.SorokinMA.Sprint5.Task0.V26.Test\Tyuiu.SorokinMA.Sprint5.Task0.V26.Test.csproj", "{05A28EB8-C0AB-46DD-A94F-5376ADFDED3A}"
EndProject
Project("{FAE04EC0-301F-11D3-BF4B-00C04F79EFBC}") = "Tyuiu.SorokinMA.Sprint5.Task0.V26.Lib", "Tyuiu.SorokinMA.Sprint5.Task0.V26.Lib\Tyuiu.SorokinMA.Sprint5.Task0.V26.Lib.csproj", "{FB683350-5BD6-4AA9-ABB6-1AD81BF255A3}"
EndProject
Project("{2150E333-8FDC-42A3-9474-1A3956D46DE8}") = "Task1", "Task1", "{A9AD7278-F8DC-4B7C-A7CA-2D5493567FED}"
EndProject
Project("{FAE04EC0-301F-11D3-BF4B-00C04F79EFBC}") = "Tyuiu.SorokinMA.Sprint5.Task1.V22", "Tyuiu.SorokinMA.Sprint5.Task1.V22\Tyuiu.SorokinMA.Sprint5.Task1.V22.csproj", "{7BE507C6-B51F-45E2-8780-608989E9109F}"
EndProject
Project("{FAE04EC0-301F-11D3-BF4B-00C04F79EFBC}") = "Tyuiu.SorokinMA.Sprint5.Task1.V22.Test", "Tyuiu.SorokinMA.Sprint5.Task1.V22.Test\Tyuiu.SorokinMA.Sprint5.Task1.V22.Test.csproj", "{0BE50EF2-FA9B-46D9-B6D8-5288FA6A97DA}"
EndProject
Project("{FAE04EC0-301F-11D3-BF4B-00C04F79EFBC}") = "Tyuiu.SorokinMA.Sprint5.Task1.V22.Lib", "Tyuiu.SorokinMA.Sprint5.Task1.V22.Lib\Tyuiu.SorokinMA.Sprint5.Task1.V22.Lib.csproj", "{EDAEB9C7-BCB6-4EF8-8271-D2A56029252F}"
EndProject
Project("{2150E333-8FDC-42A3-9474-1A3956D46DE8}") = "Task2", "Task2", "{2FA28022-AFAC-4672-9ADE-42202E23DD62}"
EndProject
Project("{FAE04EC0-301F-11D3-BF4B-00C04F79EFBC}") = "Tyuiu.SorokinMA.Sprint5.Task2.V24", "Tyuiu.SorokinMA.Sprint5.Task2.V24\Tyuiu.SorokinMA.Sprint5.Task2.V24.csproj", "{F49CD147-A203-42AF-A8ED-B4EF611D5D99}"
EndProject
Project("{FAE04EC0-301F-11D3-BF4B-00C04F79EFBC}") = "Tyuiu.SorokinMA.Sprint5.Task2.V24.Test", "Tyuiu.SorokinMA.Sprint5.Task2.V24.Test\Tyuiu.SorokinMA.Sprint5.Task2.V24.Test.csproj", "{1F594706-A240-4113-A216-4EF2066DCFBA}"
EndProject
Project("{FAE04EC0-301F-11D3-BF4B-00C04F79EFBC}") = "Tyuiu.SorokinMA.Sprint5.Task2.V24.Lib", "Tyuiu.SorokinMA.Sprint5.Task2.V24.Lib\Tyuiu.SorokinMA.Sprint5.Task2.V24.Lib.csproj", "{FE440039-6148-4DFF-8012-6D4C1AA6841A}"
EndProject
Global
	GlobalSection(SolutionConfigurationPlatforms) = preSolution
		Debug|Any CPU = Debug|Any CPU
		Release|Any CPU = Release|Any CPU
	EndGlobalSection
	GlobalSection(ProjectConfigurationPlatforms) = postSolution
		{1BD95E6F-2A8E-4F39-9FFD-3E0E0E181E29}.Debug|Any CPU.ActiveCfg = Debug|Any CPU
		{1BD95E6F-2A8E-4F39-9FFD-3E0E0E181E29}.Debug|Any CPU.Build.0 = Debug|Any CPU
		{1BD95E6F-2A8E-4F39-9FFD-3E0E0E181E29}.Release|Any CPU.ActiveCfg = Release|Any CPU
		{1BD95E6F-2A8E-4F39-9FFD-3E0E0E181E29}.Release|Any CPU.Build.0 = Release|Any CPU
		{05A28EB8-C0AB-46DD-A94F-5376ADFDED3A}.Debug|Any CPU.ActiveCfg = Debug|Any CPU
		{05A28EB8-C0AB-46DD-A94F-5376ADFDED3A}.Debug|Any CPU.Build.0 = Debug|Any CPU
		{05A28EB8-C0AB-46DD-A94F-5376ADFDED3A}.Release|Any CPU.ActiveCfg = Release|Any CPU
		{05A28EB8-C0AB-46DD-A94F-5376ADFDED3A}.Release|Any CPU.Build.0 = Release|Any CPU
		{FB683350-5BD6-4AA9-ABB6-1AD81BF255A3}.Debug|Any CPU.ActiveCfg = Debug|Any CPU
		{FB683350-5BD6-4AA9-ABB6-1AD81BF255A3}.Debug|Any CPU.Build.0 = Debug|Any CPU
		{FB683350-5BD6-4AA9-ABB6-1AD81BF255A3}.Release|Any CPU.ActiveCfg = Release|Any CPU
		{FB683350-5BD6-4AA9-ABB6-1AD81BF255A3}.Release|Any CPU.Build.0 = Release|Any CPU
		{7BE507C6-B51F-45E2-8780-608989E9109F}.Debug|Any CPU.ActiveCfg = Debug|Any CPU
		{7BE507C6-B51F-45E2-8780-608989E9109F}.Debug|Any CPU.Build.0 = Debug|Any CPU
		{7BE507C6-B51F-45E2-8780-608989E9109F}.Release|Any CPU.ActiveCfg = Release|Any CPU
		{7BE507C6-B51F-45E2-8780-608989E9109F}.Release|Any CPU.Build.0 = Release|Any CPU
		{0BE50EF2-FA9B-46D9-B6D8-5288FA6A97DA}.Debug|Any CPU.ActiveCfg = Debug|Any CPU
		{0BE50EF2-FA9B-46D9-B6D8-5288FA6A97DA}.Debug|Any CPU.Build.0 = Debug|Any CPU
		{0BE50EF2-FA9B-46D9-B6D8-5288FA6A97DA}.Release|Any CPU.ActiveCfg = Release|Any CPU
		{0BE50EF2-FA9B-46D9-B6D8-5288FA6A97DA}.Release|Any CPU.Build.0 = Release|Any CPU
		{EDAEB9C7-BCB6-4EF8-8271-D2A56029252F}.Debug|Any CPU.ActiveCfg = Debug|Any CPU
		{EDAEB9C7-BCB6-4EF8-8271-D2A56029252F}.Debug|Any CPU.Build.0 = Debug|Any CPU
		{EDAEB9C7-BCB6-4EF8-8271-D2A56029252F}.Release|Any CPU.ActiveCfg = Release|Any CPU
		{EDAEB9C7-BCB6-4EF8-8271-D2A56029252F}.Release|Any CPU.Build.0 = Release|Any CPU
		{F49CD147-A203-42AF-A8ED-B4EF611D5D99}.Debug|Any CPU.ActiveCfg = Debug|Any CPU
		{F49CD147-A203-42AF-A8ED-B4EF611D5D99}.Debug|Any CPU.Build.0 = Debug|Any CPU
		{F49CD147-A203-42AF-A8ED-B4EF611D5D99}.Release|Any CPU.ActiveCfg = Release|Any CPU
		{F49CD147-A203-42AF-A8ED-B4EF611D5D99}.Release|Any CPU.Build.0 = Release|Any CPU
		{1F594706-A240-4113-A216-4EF2066DCFBA}.Debug|Any CPU.ActiveCfg = Debug|Any CPU
		{1F594706-A240-4113-A216-4EF2066DCFBA}.Debug|Any CPU.Build.0 = Debug|Any CPU
		{1F594706-A240-4113-A216-4EF2066DCFBA}.Release|Any CPU.ActiveCfg = Release|Any CPU
		{1F594706-A240-4113-A216-4EF2066DCFBA}.Release|Any CPU.Build.0 = Release|Any CPU
		{FE440039-6148-4DFF-8012-6D4C1AA6841A}.Debug|Any CPU.ActiveCfg = Debug|Any CPU
		{FE440039-6148-4DFF-8012-6D4C1AA6841A}.Debug|Any CPU.Build.0 = Debug|Any CPU
		{FE440039-6148-4DFF-8012-6D4C1AA6841A}.Release|Any CPU.ActiveCfg = Release|Any CPU
		{FE440039-6148-4DFF-8012-6D4C1AA6841A}.Release|Any CPU.Build.0 = Release|Any CPU
	EndGlobalSection
	GlobalSection(SolutionProperties) = preSolution
		HideSolutionNode = FALSE
	EndGlobalSection
	GlobalSection(NestedProjects) = preSolution
		{1BD95E6F-2A8E-4F39-9FFD-3E0E0E181E29} = {185E4324-137D-4554-A1C9-19D3386CFDD7}
		{05A28EB8-C0AB-46DD-A94F-5376ADFDED3A} = {185E4324-137D-4554-A1C9-19D3386CFDD7}
		{FB683350-5BD6-4AA9-ABB6-1AD81BF255A3} = {185E4324-137D-4554-A1C9-19D3386CFDD7}
		{7BE507C6-B51F-45E2-8780-608989E9109F} = {A9AD7278-F8DC-4B7C-A7CA-2D5493567FED}
		{0BE50EF2-FA9B-46D9-B6D8-5288FA6A97DA} = {A9AD7278-F8DC-4B7C-A7CA-2D5493567FED}
		{EDAEB9C7-BCB6-4EF8-8271-D2A56029252F} = {A9AD7278-F8DC-4B7C-A7CA-2D5493567FED}
		{F49CD147-A203-42AF-A8ED-B4EF611D5D99} = {2FA28022-AFAC-4672-9ADE-42202E23DD62}
		{1F594706-A240-4113-A216-4EF2066DCFBA} = {2FA28022-AFAC-4672-9ADE-42202E23DD62}
		{FE440039-6148-4DFF-8012-6D4C1AA6841A} = {2FA28022-AFAC-4672-9ADE-42202E23DD62}
	EndGlobalSection
	GlobalSection(ExtensibilityGlobals) = postSolution
		SolutionGuid = {F5C615B9-DE07-48A9-9F0B-5DF14B71820A}
	EndGlobalSection
EndGlobal
